
Microsoft Visual Studio Solution File, Format Version 12.00
# Visual Studio Version 16
VisualStudioVersion = 16.0.31005.135
MinimumVisualStudioVersion = 10.0.40219.1
Project("{FAE04EC0-301F-11D3-BF4B-00C04F79EFBC}") = "Vezeeta", "Vezeeta\Vezeeta.csproj", "{79CB0797-9FB9-4421-BF97-276B3D6E3FD6}"
EndProject
Global
	GlobalSection(SolutionConfigurationPlatforms) = preSolution
		Debug|Any CPU = Debug|Any CPU
		Release|Any CPU = Release|Any CPU
	EndGlobalSection
	GlobalSection(ProjectConfigurationPlatforms) = postSolution
		{79CB0797-9FB9-4421-BF97-276B3D6E3FD6}.Debug|Any CPU.ActiveCfg = Debug|Any CPU
		{79CB0797-9FB9-4421-BF97-276B3D6E3FD6}.Debug|Any CPU.Build.0 = Debug|Any CPU
		{79CB0797-9FB9-4421-BF97-276B3D6E3FD6}.Release|Any CPU.ActiveCfg = Release|Any CPU
		{79CB0797-9FB9-4421-BF97-276B3D6E3FD6}.Release|Any CPU.Build.0 = Release|Any CPU
	EndGlobalSection
	GlobalSection(SolutionProperties) = preSolution
		HideSolutionNode = FALSE
	EndGlobalSection
	GlobalSection(ExtensibilityGlobals) = postSolution
		SolutionGuid = {7FBE5F26-09B8-4869-9FBB-157CFD9794AD}
	EndGlobalSection
EndGlobal
